GIT
  remote: https://github.com/alexskr/ontoportal_testkit.git
  revision: 33f52810bdb576c25922fb739dea49507cf362a6
  branch: main
  specs:
    ontoportal_testkit (0.1.0)
      rake (>= 13.0)

GIT
  remote: https://github.com/ncbo/goo.git
  revision: 90365864f67a9458011f16e1b9f44a73af0d3739
  branch: development
  specs:
    goo (0.0.2)
      addressable (~> 2.8)
      pry
      rdf
      rdf-raptor
      rdf-rdfxml
      rdf-vocab
      redis
      rest-client
      rsolr
      sparql-client
      uuid

GIT
  remote: https://github.com/ncbo/ncbo_annotator.git
  revision: 5243ea8db4302ca756c66bf50233e88606830326
  branch: develop
  specs:
    ncbo_annotator (0.0.1)
      goo
      ontologies_linked_data
      redis
      ruby-xxHash

GIT
  remote: https://github.com/ncbo/ontologies_linked_data.git
  revision: 25b2776dfd71e3ca329ced716760cfaf8ef3bc9a
  branch: develop
  specs:
    ontologies_linked_data (0.0.1)
      activesupport
      bcrypt
      down (~> 5.0)
      goo
      json
      libxml-ruby
      multi_json
      net-ftp
      oj
      omni_logger
      pony
      rack
      rack-test
      rsolr
      rubyzip (~> 3.0)

GIT
  remote: https://github.com/ncbo/sparql-client.git
  revision: 2ac20b217bb7ad2b11305befe0ee77d75e44eac5
  branch: development
  specs:
    sparql-client (3.2.2)
      net-http-persistent (~> 4.0, >= 4.0.2)
      rdf (~> 3.2, >= 3.2.11)

GEM
  remote: https://rubygems.org/
  specs:
    activesupport (8.1.3)
      base64
      bigdecimal
      concurrent-ruby (~> 1.0, >= 1.3.1)
      connection_pool (>= 2.2.5)
      drb
      i18n (>= 1.6, < 2)
      json
      logger (>= 1.4.2)
      minitest (>= 5.1)
      securerandom (>= 0.3)
      tzinfo (~> 2.0, >= 2.0.5)
      uri (>= 0.13.1)
    addressable (2.9.0)
      public_suffix (>= 2.0.2, < 8.0)
    base64 (0.3.0)
    bcp47_spec (0.2.1)
    bcrypt (3.1.22)
    bigdecimal (3.3.1)
    builder (3.3.0)
    coderay (1.1.3)
    concurrent-ruby (1.3.6)
    connection_pool (3.0.2)
    date (3.5.1)
    docile (1.4.1)
    domain_name (0.6.20240107)
    down (5.5.0)
      addressable (~> 2.8)
      base64 (~> 0.3)
    drb (2.2.3)
    faraday (2.14.1)
      faraday-net_http (>= 2.0, < 3.5)
      json
      logger
    faraday-net_http (3.4.2)
      net-http (~> 0.5)
    ffi (1.17.4-aarch64-linux-gnu)
    ffi (1.17.4-arm64-darwin)
    ffi (1.17.4-x86_64-linux-gnu)
    htmlentities (4.4.2)
    http-accept (1.7.0)
    http-cookie (1.1.6)
      domain_name (~> 0.5)
    i18n (1.14.8)
      concurrent-ruby (~> 1.0)
    io-console (0.8.2)
    json (2.19.4)
    json-canonicalization (1.0.0)
    json-ld (3.3.2)
      htmlentities (~> 4.3)
      json-canonicalization (~> 1.0)
      link_header (~> 0.0, >= 0.0.8)
      multi_json (~> 1.15)
      rack (>= 2.2, < 4)
      rdf (~> 3.3)
      rexml (~> 3.2)
    jwt (3.1.2)
      base64
    libxml-ruby (6.0.0)
    link_header (0.0.8)
    logger (1.7.0)
    macaddr (1.7.2)
      systemu (~> 2.6.5)
    mail (2.9.0)
      logger
      mini_mime (>= 0.1.1)
      net-imap
      net-pop
      net-smtp
    method_source (1.1.0)
    mime-types (3.7.0)
      logger
      mime-types-data (~> 3.2025, >= 3.2025.0507)
    mime-types-data (3.2026.0414)
    mini_mime (1.1.5)
    minitest (6.0.5)
      drb (~> 2.0)
      prism (~> 1.5)
    multi_json (1.20.1)
    net-ftp (0.3.9)
      net-protocol
      time
    net-http (0.9.1)
      uri (>= 0.11.1)
    net-http-persistent (4.0.8)
      connection_pool (>= 2.2.4, < 4)
    net-imap (0.6.3)
      date
      net-protocol
    net-pop (0.1.2)
      net-protocol
    net-protocol (0.2.2)
      timeout
    net-smtp (0.5.1)
      net-protocol
    netrc (0.11.0)
    oj (3.17.0)
      bigdecimal (>= 3.0)
      ostruct (>= 0.2)
    omni_logger (0.1.4)
      logger
    ostruct (0.6.3)
    parallel (1.28.0)
    pony (1.13.1)
      mail (>= 2.0)
    prism (1.9.0)
    pry (0.16.0)
      coderay (~> 1.1)
      method_source (~> 1.0)
      reline (>= 0.6.0)
    public_suffix (7.0.5)
    rack (3.2.6)
    rack-test (2.2.0)
      rack (>= 1.3)
    rake (13.4.2)
    rdf (3.3.4)
      bcp47_spec (~> 0.2)
      bigdecimal (~> 3.1, >= 3.1.5)
      link_header (~> 0.0, >= 0.0.8)
      logger (~> 1.5)
      ostruct (~> 0.6)
      readline (~> 0.0)
    rdf-raptor (3.2.0)
      ffi (~> 1.15)
      rdf (~> 3.2)
    rdf-rdfxml (3.3.0)
      builder (~> 3.2, >= 3.2.4)
      htmlentities (~> 4.3)
      rdf (~> 3.3)
      rdf-xsd (~> 3.3)
    rdf-vocab (3.3.3)
      rdf (~> 3.3)
    rdf-xsd (3.3.0)
      rdf (~> 3.3)
      rexml (~> 3.2)
    readline (0.0.4)
      reline
    redis (5.4.1)
      redis-client (>= 0.22.0)
    redis-client (0.28.0)
      connection_pool
    reline (0.6.3)
      io-console (~> 0.5)
    request_store (1.7.0)
      rack (>= 1.4)
    rest-client (2.1.0)
      http-accept (>= 1.7.0, < 2.0)
      http-cookie (>= 1.0.2, < 2.0)
      mime-types (>= 1.16, < 4.0)
      netrc (~> 0.8)
    rexml (3.4.4)
    rsolr (2.6.0)
      builder (>= 2.1.2)
      faraday (>= 0.9, < 3, != 2.0.0)
    ruby-xxHash (0.4.0.2)
    rubyzip (3.2.2)
    securerandom (0.4.1)
    simplecov (0.22.0)
      docile (~> 1.1)
      simplecov-html (~> 0.11)
      simplecov_json_formatter (~> 0.1)
    simplecov-cobertura (3.1.0)
      rexml
      simplecov (~> 0.19)
    simplecov-html (0.13.2)
    simplecov_json_formatter (0.1.4)
    systemu (2.6.5)
    time (0.4.2)
      date
    timeout (0.6.1)
    tzinfo (2.0.6)
      concurrent-ruby (~> 1.0)
    uri (1.1.1)
    uuid (2.3.9)
      macaddr (~> 1.0)

PLATFORMS
  aarch64-linux
  arm64-darwin-22
  arm64-darwin-23
  arm64-darwin-24
  x86_64-linux

DEPENDENCIES
  goo!
  json-ld
  jwt
  minitest
  ncbo_annotator!
  oj (~> 3.0)
  ontologies_linked_data!
  ontoportal_testkit!
  parallel
  pry
  rake
  request_store
  simplecov
  simplecov-cobertura
  sparql-client!

BUNDLED WITH
  4.0.10
